
Microsoft Visual Studio Solution File, Format Version 12.00
# Visual Studio Version 16
VisualStudioVersion = 16.0.31424.327
MinimumVisualStudioVersion = 10.0.40219.1
Project("{FAE04EC0-301F-11D3-BF4B-00C04F79EFBC}") = "syntacticSugar", "syntacticSugar\syntacticSugar.csproj", "{3BD63FB7-BA83-414D-819F-2398ABBDEAD1}"
EndProject
Global
	GlobalSection(SolutionConfigurationPlatforms) = preSolution
		Debug|Any CPU = Debug|Any CPU
		Release|Any CPU = Release|Any CPU
	EndGlobalSection
	GlobalSection(ProjectConfigurationPlatforms) = postSolution
		{3BD63FB7-BA83-414D-819F-2398ABBDEAD1}.Debug|Any CPU.ActiveCfg = Debug|Any CPU
		{3BD63FB7-BA83-414D-819F-2398ABBDEAD1}.Debug|Any CPU.Build.0 = Debug|Any CPU
		{3BD63FB7-BA83-414D-819F-2398ABBDEAD1}.Release|Any CPU.ActiveCfg = Release|Any CPU
		{3BD63FB7-BA83-414D-819F-2398ABBDEAD1}.Release|Any CPU.Build.0 = Release|Any CPU
	EndGlobalSection
	GlobalSection(SolutionProperties) = preSolution
		HideSolutionNode = FALSE
	EndGlobalSection
	GlobalSection(ExtensibilityGlobals) = postSolution
		SolutionGuid = {BFC9005A-FCD8-4E83-8591-D184AC6C131D}
	EndGlobalSection
EndGlobal
